PODS:
  - RxBluetoothKit (3.0.12):
    - RxSwift (~> 3.2)
  - RxSwift (3.5.0)

DEPENDENCIES:
  - RxBluetoothKit

SPEC CHECKSUMS:
  RxBluetoothKit: 759d0e91afae6a3346086b3e834c5d5320061a72
  RxSwift: 18ee9d78b45edb3b0b7e79916b47a116e6dbc842

PODFILE CHECKSUM: f07bfd5e26ee310979ebf7956e66c54567fef865

COCOAPODS: 1.2.1
